
Microsoft Visual Studio Solution File, Format Version 12.00
# Visual Studio Version 16
VisualStudioVersion = 16.0.30517.126
MinimumVisualStudioVersion = 10.0.40219.1
Project("{FAE04EC0-301F-11D3-BF4B-00C04F79EFBC}") = "BoxOffice", "BoxOffice\BoxOffice.csproj", "{65C19E3C-ADE4-4BAD-8F69-9A2723E91873}"
EndProject
Global
	GlobalSection(SolutionConfigurationPlatforms) = preSolution
		Debug|Any CPU = Debug|Any CPU
		Release|Any CPU = Release|Any CPU
	EndGlobalSection
	GlobalSection(ProjectConfigurationPlatforms) = postSolution
		{65C19E3C-ADE4-4BAD-8F69-9A2723E91873}.Debug|Any CPU.ActiveCfg = Debug|Any CPU
		{65C19E3C-ADE4-4BAD-8F69-9A2723E91873}.Debug|Any CPU.Build.0 = Debug|Any CPU
		{65C19E3C-ADE4-4BAD-8F69-9A2723E91873}.Release|Any CPU.ActiveCfg = Release|Any CPU
		{65C19E3C-ADE4-4BAD-8F69-9A2723E91873}.Release|Any CPU.Build.0 = Release|Any CPU
	EndGlobalSection
	GlobalSection(SolutionProperties) = preSolution
		HideSolutionNode = FALSE
	EndGlobalSection
	GlobalSection(ExtensibilityGlobals) = postSolution
		SolutionGuid = {5387007F-6569-4690-B237-AFB5AA185E12}
	EndGlobalSection
EndGlobal
